
Microsoft Visual Studio Solution File, Format Version 12.00
# Visual Studio Version 17
VisualStudioVersion = 17.13.35806.99 d17.13
MinimumVisualStudioVersion = 10.0.40219.1
Project("{FAE04EC0-301F-11D3-BF4B-00C04F79EFBC}") = "Dotnet Test Assignment", "Dotnet Test Assignment\Dotnet Test Assignment.csproj", "{A35DEBF0-BD6B-4A95-BB06-7B0072C9677B}"
EndProject
Global
	GlobalSection(SolutionConfigurationPlatforms) = preSolution
		Debug|Any CPU = Debug|Any CPU
		Release|Any CPU = Release|Any CPU
	EndGlobalSection
	GlobalSection(ProjectConfigurationPlatforms) = postSolution
		{A35DEBF0-BD6B-4A95-BB06-7B0072C9677B}.Debug|Any CPU.ActiveCfg = Debug|Any CPU
		{A35DEBF0-BD6B-4A95-BB06-7B0072C9677B}.Debug|Any CPU.Build.0 = Debug|Any CPU
		{A35DEBF0-BD6B-4A95-BB06-7B0072C9677B}.Release|Any CPU.ActiveCfg = Release|Any CPU
		{A35DEBF0-BD6B-4A95-BB06-7B0072C9677B}.Release|Any CPU.Build.0 = Release|Any CPU
	EndGlobalSection
	GlobalSection(SolutionProperties) = preSolution
		HideSolutionNode = FALSE
	EndGlobalSection
	GlobalSection(ExtensibilityGlobals) = postSolution
		SolutionGuid = {1ECF194F-0C83-4633-BF80-82749071C9FC}
	EndGlobalSection
EndGlobal
